
Microsoft Visual Studio Solution File, Format Version 12.00
# Visual Studio Version 17
VisualStudioVersion = 17.10.35013.160
MinimumVisualStudioVersion = 10.0.40219.1
Project("{FAE04EC0-301F-11D3-BF4B-00C04F79EFBC}") = "Hospital_Management_System", "Hospital_Management_System\Hospital_Management_System.csproj", "{2A87F0E6-1579-4A6F-B421-5568F884812D}"
EndProject
Global
	GlobalSection(SolutionConfigurationPlatforms) = preSolution
		Debug|Any CPU = Debug|Any CPU
		Release|Any CPU = Release|Any CPU
	EndGlobalSection
	GlobalSection(ProjectConfigurationPlatforms) = postSolution
		{2A87F0E6-1579-4A6F-B421-5568F884812D}.Debug|Any CPU.ActiveCfg = Debug|Any CPU
		{2A87F0E6-1579-4A6F-B421-5568F884812D}.Debug|Any CPU.Build.0 = Debug|Any CPU
		{2A87F0E6-1579-4A6F-B421-5568F884812D}.Release|Any CPU.ActiveCfg = Release|Any CPU
		{2A87F0E6-1579-4A6F-B421-5568F884812D}.Release|Any CPU.Build.0 = Release|Any CPU
	EndGlobalSection
	GlobalSection(SolutionProperties) = preSolution
		HideSolutionNode = FALSE
	EndGlobalSection
	GlobalSection(ExtensibilityGlobals) = postSolution
		SolutionGuid = {2FD97B5E-BE5E-45B3-969E-9AD068D30CD6}
	EndGlobalSection
EndGlobal
